{
    "_readme": [
        "This file locks the dependencies of your project to a known state",
        "Read more about it at https://getcomposer.org/doc/01-basic-usage.md#composer-lock-the-lock-file",
        "This file is @generated automatically"
    ],
    "hash": "7ef41d7ba683847d7f93ba7735c74dae",
    "content-hash": "b27ade4a016d8e0b2bbd84602faaad94",
    "packages": [],
    "packages-dev": [],
    "aliases": [],
    "minimum-stability": "dev",
    "stability-flags": [],
    "prefer-stable": false,
    "prefer-lowest": false,
    "platform": {
        "php": ">=5.0.0"
    },
    "platform-dev": []
}
